
Microsoft Visual Studio Solution File, Format Version 12.00
# Visual Studio 15
VisualStudioVersion = 15.0.28307.421
MinimumVisualStudioVersion = 10.0.40219.1
Project("{FAE04EC0-301F-11D3-BF4B-00C04F79EFBC}") = "FighterApp", "FighterApp\FighterApp.csproj", "{439BF100-5981-46DD-9748-3492575D10FC}"
EndProject
Project("{FAE04EC0-301F-11D3-BF4B-00C04F79EFBC}") = "MyLibrary", "MyLibrary\MyLibrary.csproj", "{33AF8203-56D0-4C72-B730-3C44A7C62E7C}"
EndProject
Global
	GlobalSection(SolutionConfigurationPlatforms) = preSolution
		Debug|Any CPU = Debug|Any CPU
		Release|Any CPU = Release|Any CPU
	EndGlobalSection
	GlobalSection(ProjectConfigurationPlatforms) = postSolution
		{439BF100-5981-46DD-9748-3492575D10FC}.Debug|Any CPU.ActiveCfg = Debug|Any CPU
		{439BF100-5981-46DD-9748-3492575D10FC}.Debug|Any CPU.Build.0 = Debug|Any CPU
		{439BF100-5981-46DD-9748-3492575D10FC}.Release|Any CPU.ActiveCfg = Release|Any CPU
		{439BF100-5981-46DD-9748-3492575D10FC}.Release|Any CPU.Build.0 = Release|Any CPU
		{33AF8203-56D0-4C72-B730-3C44A7C62E7C}.Debug|Any CPU.ActiveCfg = Debug|Any CPU
		{33AF8203-56D0-4C72-B730-3C44A7C62E7C}.Debug|Any CPU.Build.0 = Debug|Any CPU
		{33AF8203-56D0-4C72-B730-3C44A7C62E7C}.Release|Any CPU.ActiveCfg = Release|Any CPU
		{33AF8203-56D0-4C72-B730-3C44A7C62E7C}.Release|Any CPU.Build.0 = Release|Any CPU
	EndGlobalSection
	GlobalSection(SolutionProperties) = preSolution
		HideSolutionNode = FALSE
	EndGlobalSection
	GlobalSection(ExtensibilityGlobals) = postSolution
		SolutionGuid = {87E25CE9-0373-489A-9976-6CD4929725B1}
	EndGlobalSection
EndGlobal
